
Microsoft Visual Studio Solution File, Format Version 12.00
# Visual Studio Version 17
VisualStudioVersion = 17.0.32112.339
MinimumVisualStudioVersion = 10.0.40219.1
Project("{FAE04EC0-301F-11D3-BF4B-00C04F79EFBC}") = "T01. Computer Store", "T01. Computer Store\T01. Computer Store.csproj", "{B5691844-9130-4DA6-96B8-C909EA0B68C4}"
EndProject
Project("{FAE04EC0-301F-11D3-BF4B-00C04F79EFBC}") = "T02. The Lift", "T02. The Lift\T02. The Lift.csproj", "{0B07BFBE-3D8E-4648-BB9B-FE6AD0B0665F}"
EndProject
Project("{FAE04EC0-301F-11D3-BF4B-00C04F79EFBC}") = "T03. Memory Game", "T03. Memory Game\T03. Memory Game.csproj", "{CDD0DF5C-83BB-4276-B9FD-5DB5CA71E33D}"
EndProject
Global
	GlobalSection(SolutionConfigurationPlatforms) = preSolution
		Debug|Any CPU = Debug|Any CPU
		Release|Any CPU = Release|Any CPU
	EndGlobalSection
	GlobalSection(ProjectConfigurationPlatforms) = postSolution
		{B5691844-9130-4DA6-96B8-C909EA0B68C4}.Debug|Any CPU.ActiveCfg = Debug|Any CPU
		{B5691844-9130-4DA6-96B8-C909EA0B68C4}.Debug|Any CPU.Build.0 = Debug|Any CPU
		{B5691844-9130-4DA6-96B8-C909EA0B68C4}.Release|Any CPU.ActiveCfg = Release|Any CPU
		{B5691844-9130-4DA6-96B8-C909EA0B68C4}.Release|Any CPU.Build.0 = Release|Any CPU
		{0B07BFBE-3D8E-4648-BB9B-FE6AD0B0665F}.Debug|Any CPU.ActiveCfg = Debug|Any CPU
		{0B07BFBE-3D8E-4648-BB9B-FE6AD0B0665F}.Debug|Any CPU.Build.0 = Debug|Any CPU
		{0B07BFBE-3D8E-4648-BB9B-FE6AD0B0665F}.Release|Any CPU.ActiveCfg = Release|Any CPU
		{0B07BFBE-3D8E-4648-BB9B-FE6AD0B0665F}.Release|Any CPU.Build.0 = Release|Any CPU
		{CDD0DF5C-83BB-4276-B9FD-5DB5CA71E33D}.Debug|Any CPU.ActiveCfg = Debug|Any CPU
		{CDD0DF5C-83BB-4276-B9FD-5DB5CA71E33D}.Debug|Any CPU.Build.0 = Debug|Any CPU
		{CDD0DF5C-83BB-4276-B9FD-5DB5CA71E33D}.Release|Any CPU.ActiveCfg = Release|Any CPU
		{CDD0DF5C-83BB-4276-B9FD-5DB5CA71E33D}.Release|Any CPU.Build.0 = Release|Any CPU
	EndGlobalSection
	GlobalSection(SolutionProperties) = preSolution
		HideSolutionNode = FALSE
	EndGlobalSection
	GlobalSection(ExtensibilityGlobals) = postSolution
		SolutionGuid = {03F160D7-442C-4A7D-8D14-F92F270DD2BD}
	EndGlobalSection
EndGlobal
